
Microsoft Visual Studio Solution File, Format Version 12.00
# Visual Studio Version 17
VisualStudioVersion = 17.0.31903.59
MinimumVisualStudioVersion = 10.0.40219.1
Project("{2150E333-8FDC-42A3-9474-1A3956D46DE8}") = "src", "src", "{827E0CD3-B72D-47B6-A68D-7590B98EB39B}"
EndProject
Project("{FAE04EC0-301F-11D3-BF4B-00C04F79EFBC}") = "Query.Core", "src\Query.Core\Query.Core.csproj", "{4B0DEC2E-7B95-46C6-8B40-C04FDF21A1BF}"
EndProject
Project("{FAE04EC0-301F-11D3-BF4B-00C04F79EFBC}") = "Query.Api", "src\Query.Api\Query.Api.csproj", "{E965004E-D480-4670-94AE-853786C1166B}"
EndProject
Project("{2150E333-8FDC-42A3-9474-1A3956D46DE8}") = "tests", "tests", "{0AB3BF05-4346-4AA6-1389-037BE0695223}"
EndProject
Project("{FAE04EC0-301F-11D3-BF4B-00C04F79EFBC}") = "Query.Core.Tests", "tests\Query.Core.Tests\Query.Core.Tests.csproj", "{E47C7DD4-ADFF-42E1-95FD-7D6D94407B82}"
EndProject
Project("{FAE04EC0-301F-11D3-BF4B-00C04F79EFBC}") = "Query.Api.Tests", "tests\Query.Api.Tests\Query.Api.Tests.csproj", "{E29E0E14-9294-4A8A-8F47-F7FDB8583F46}"
EndProject
Global
	GlobalSection(SolutionConfigurationPlatforms) = preSolution
		Debug|Any CPU = Debug|Any CPU
		Debug|x64 = Debug|x64
		Debug|x86 = Debug|x86
		Release|Any CPU = Release|Any CPU
		Release|x64 = Release|x64
		Release|x86 = Release|x86
	EndGlobalSection
	GlobalSection(ProjectConfigurationPlatforms) = postSolution
		{4B0DEC2E-7B95-46C6-8B40-C04FDF21A1BF}.Debug|Any CPU.ActiveCfg = Debug|Any CPU
		{4B0DEC2E-7B95-46C6-8B40-C04FDF21A1BF}.Debug|Any CPU.Build.0 = Debug|Any CPU
		{4B0DEC2E-7B95-46C6-8B40-C04FDF21A1BF}.Debug|x64.ActiveCfg = Debug|Any CPU
		{4B0DEC2E-7B95-46C6-8B40-C04FDF21A1BF}.Debug|x64.Build.0 = Debug|Any CPU
		{4B0DEC2E-7B95-46C6-8B40-C04FDF21A1BF}.Debug|x86.ActiveCfg = Debug|Any CPU
		{4B0DEC2E-7B95-46C6-8B40-C04FDF21A1BF}.Debug|x86.Build.0 = Debug|Any CPU
		{4B0DEC2E-7B95-46C6-8B40-C04FDF21A1BF}.Release|Any CPU.ActiveCfg = Release|Any CPU
		{4B0DEC2E-7B95-46C6-8B40-C04FDF21A1BF}.Release|Any CPU.Build.0 = Release|Any CPU
		{4B0DEC2E-7B95-46C6-8B40-C04FDF21A1BF}.Release|x64.ActiveCfg = Release|Any CPU
		{4B0DEC2E-7B95-46C6-8B40-C04FDF21A1BF}.Release|x64.Build.0 = Release|Any CPU
		{4B0DEC2E-7B95-46C6-8B40-C04FDF21A1BF}.Release|x86.ActiveCfg = Release|Any CPU
		{4B0DEC2E-7B95-46C6-8B40-C04FDF21A1BF}.Release|x86.Build.0 = Release|Any CPU
		{E965004E-D480-4670-94AE-853786C1166B}.Debug|Any CPU.ActiveCfg = Debug|Any CPU
		{E965004E-D480-4670-94AE-853786C1166B}.Debug|Any CPU.Build.0 = Debug|Any CPU
		{E965004E-D480-4670-94AE-853786C1166B}.Debug|x64.ActiveCfg = Debug|Any CPU
		{E965004E-D480-4670-94AE-853786C1166B}.Debug|x64.Build.0 = Debug|Any CPU
		{E965004E-D480-4670-94AE-853786C1166B}.Debug|x86.ActiveCfg = Debug|Any CPU
		{E965004E-D480-4670-94AE-853786C1166B}.Debug|x86.Build.0 = Debug|Any CPU
		{E965004E-D480-4670-94AE-853786C1166B}.Release|Any CPU.ActiveCfg = Release|Any CPU
		{E965004E-D480-4670-94AE-853786C1166B}.Release|Any CPU.Build.0 = Release|Any CPU
		{E965004E-D480-4670-94AE-853786C1166B}.Release|x64.ActiveCfg = Release|Any CPU
		{E965004E-D480-4670-94AE-853786C1166B}.Release|x64.Build.0 = Release|Any CPU
		{E965004E-D480-4670-94AE-853786C1166B}.Release|x86.ActiveCfg = Release|Any CPU
		{E965004E-D480-4670-94AE-853786C1166B}.Release|x86.Build.0 = Release|Any CPU
		{E47C7DD4-ADFF-42E1-95FD-7D6D94407B82}.Debug|Any CPU.ActiveCfg = Debug|Any CPU
		{E47C7DD4-ADFF-42E1-95FD-7D6D94407B82}.Debug|Any CPU.Build.0 = Debug|Any CPU
		{E47C7DD4-ADFF-42E1-95FD-7D6D94407B82}.Debug|x64.ActiveCfg = Debug|Any CPU
		{E47C7DD4-ADFF-42E1-95FD-7D6D94407B82}.Debug|x64.Build.0 = Debug|Any CPU
		{E47C7DD4-ADFF-42E1-95FD-7D6D94407B82}.Debug|x86.ActiveCfg = Debug|Any CPU
		{E47C7DD4-ADFF-42E1-95FD-7D6D94407B82}.Debug|x86.Build.0 = Debug|Any CPU
		{E47C7DD4-ADFF-42E1-95FD-7D6D94407B82}.Release|Any CPU.ActiveCfg = Release|Any CPU
		{E47C7DD4-ADFF-42E1-95FD-7D6D94407B82}.Release|Any CPU.Build.0 = Release|Any CPU
		{E47C7DD4-ADFF-42E1-95FD-7D6D94407B82}.Release|x64.ActiveCfg = Release|Any CPU
		{E47C7DD4-ADFF-42E1-95FD-7D6D94407B82}.Release|x64.Build.0 = Release|Any CPU
		{E47C7DD4-ADFF-42E1-95FD-7D6D94407B82}.Release|x86.ActiveCfg = Release|Any CPU
		{E47C7DD4-ADFF-42E1-95FD-7D6D94407B82}.Release|x86.Build.0 = Release|Any CPU
		{E29E0E14-9294-4A8A-8F47-F7FDB8583F46}.Debug|Any CPU.ActiveCfg = Debug|Any CPU
		{E29E0E14-9294-4A8A-8F47-F7FDB8583F46}.Debug|Any CPU.Build.0 = Debug|Any CPU
		{E29E0E14-9294-4A8A-8F47-F7FDB8583F46}.Debug|x64.ActiveCfg = Debug|Any CPU
		{E29E0E14-9294-4A8A-8F47-F7FDB8583F46}.Debug|x64.Build.0 = Debug|Any CPU
		{E29E0E14-9294-4A8A-8F47-F7FDB8583F46}.Debug|x86.ActiveCfg = Debug|Any CPU
		{E29E0E14-9294-4A8A-8F47-F7FDB8583F46}.Debug|x86.Build.0 = Debug|Any CPU
		{E29E0E14-9294-4A8A-8F47-F7FDB8583F46}.Release|Any CPU.ActiveCfg = Release|Any CPU
		{E29E0E14-9294-4A8A-8F47-F7FDB8583F46}.Release|Any CPU.Build.0 = Release|Any CPU
		{E29E0E14-9294-4A8A-8F47-F7FDB8583F46}.Release|x64.ActiveCfg = Release|Any CPU
		{E29E0E14-9294-4A8A-8F47-F7FDB8583F46}.Release|x64.Build.0 = Release|Any CPU
		{E29E0E14-9294-4A8A-8F47-F7FDB8583F46}.Release|x86.ActiveCfg = Release|Any CPU
		{E29E0E14-9294-4A8A-8F47-F7FDB8583F46}.Release|x86.Build.0 = Release|Any CPU
	EndGlobalSection
	GlobalSection(SolutionProperties) = preSolution
		HideSolutionNode = FALSE
	EndGlobalSection
	GlobalSection(NestedProjects) = preSolution
		{4B0DEC2E-7B95-46C6-8B40-C04FDF21A1BF} = {827E0CD3-B72D-47B6-A68D-7590B98EB39B}
		{E965004E-D480-4670-94AE-853786C1166B} = {827E0CD3-B72D-47B6-A68D-7590B98EB39B}
		{E47C7DD4-ADFF-42E1-95FD-7D6D94407B82} = {0AB3BF05-4346-4AA6-1389-037BE0695223}
		{E29E0E14-9294-4A8A-8F47-F7FDB8583F46} = {0AB3BF05-4346-4AA6-1389-037BE0695223}
	EndGlobalSection
EndGlobal
